// !$*UTF8*$!
{
	archiveVersion = 1;
	classes = {
	};
	objectVersion = 56;
	objects = {

/* Begin PBXBuildFile section */
		6A105863299FFD0700AC4181 /* CustomShape.swift in Sources */ = {isa = PBXBuildFile; fileRef = 6A105862299FFD0700AC4181 /* CustomShape.swift */; };
		6A105865299FFF3300AC4181 /* RatingSizesDetailView.swift in Sources */ = {isa = PBXBuildFile; fileRef = 6A105864299FFF3300AC4181 /* RatingSizesDetailView.swift */; };
		6A28993D299E679900ACFEC9 /* TitleView.swift in Sources */ = {isa = PBXBuildFile; fileRef = 6A28993C299E679900ACFEC9 /* TitleView.swift */; };
		6A28993F299E698F00ACFEC9 /* ProductModel.swift in Sources */ = {isa = PBXBuildFile; fileRef = 6A28993E299E698F00ACFEC9 /* ProductModel.swift */; };
		6A289941299E6A1700ACFEC9 /* ProductItemView.swift in Sources */ = {isa = PBXBuildFile; fileRef = 6A289940299E6A1700ACFEC9 /* ProductItemView.swift */; };
		6A289943299E6E7A00ACFEC9 /* BrandModel.swift in Sources */ = {isa = PBXBuildFile; fileRef = 6A289942299E6E7A00ACFEC9 /* BrandModel.swift */; };
		6A289945299E6F4700ACFEC9 /* BrandItemView.swift in Sources */ = {isa = PBXBuildFile; fileRef = 6A289944299E6F4700ACFEC9 /* BrandItemView.swift */; };
		6A289947299E70BA00ACFEC9 /* BrandGridView.swift in Sources */ = {isa = PBXBuildFile; fileRef = 6A289946299E70BA00ACFEC9 /* BrandGridView.swift */; };
		6A289949299E734C00ACFEC9 /* ProductDetailView.swift in Sources */ = {isa = PBXBuildFile; fileRef = 6A289948299E734C00ACFEC9 /* ProductDetailView.swift */; };
		6A28994B299E765700ACFEC9 /* NavigationBarDetailView.swift in Sources */ = {isa = PBXBuildFile; fileRef = 6A28994A299E765700ACFEC9 /* NavigationBarDetailView.swift */; };
		6A6A8962299FE9E3003C973E /* HeaderDetailView.swift in Sources */ = {isa = PBXBuildFile; fileRef = 6A6A8961299FE9E3003C973E /* HeaderDetailView.swift */; };
		6A6A8964299FEAF2003C973E /* TopPartDetailView.swift in Sources */ = {isa = PBXBuildFile; fileRef = 6A6A8963299FEAF2003C973E /* TopPartDetailView.swift */; };
		6A715DDF299A7C4B0009F09F /* Constant.swift in Sources */ = {isa = PBXBuildFile; fileRef = 6A715DDE299A7C4B0009F09F /* Constant.swift */; };
		6A715DE1299A7E8D0009F09F /* FooterView.swift in Sources */ = {isa = PBXBuildFile; fileRef = 6A715DE0299A7E8D0009F09F /* FooterView.swift */; };
		6A7423C829A016DD007BED85 /* QuantityFavouriteCartDetailView.swift in Sources */ = {isa = PBXBuildFile; fileRef = 6A7423C729A016DD007BED85 /* QuantityFavouriteCartDetailView.swift */; };
		6A7423CA29A017D8007BED85 /* Shop.swift in Sources */ = {isa = PBXBuildFile; fileRef = 6A7423C929A017D8007BED85 /* Shop.swift */; };
		6A9A7DE7299BBFE90064146B /* CategoryModel.swift in Sources */ = {isa = PBXBuildFile; fileRef = 6A9A7DE6299BBFE90064146B /* CategoryModel.swift */; };
		6A9A7DE9299BC1580064146B /* CategoryItemView.swift in Sources */ = {isa = PBXBuildFile; fileRef = 6A9A7DE8299BC1580064146B /* CategoryItemView.swift */; };
		6A9A7DEB299BC3960064146B /* CategoryGridView.swift in Sources */ = {isa = PBXBuildFile; fileRef = 6A9A7DEA299BC3960064146B /* CategoryGridView.swift */; };
		6A9A7DED299BC5730064146B /* SectionView.swift in Sources */ = {isa = PBXBuildFile; fileRef = 6A9A7DEC299BC5730064146B /* SectionView.swift */; };
		6A9FCE59299AE63700871980 /* NavigationBarView.swift in Sources */ = {isa = PBXBuildFile; fileRef = 6A9FCE58299AE63700871980 /* NavigationBarView.swift */; };
		6A9FCE5B299AE79400871980 /* LogoView.swift in Sources */ = {isa = PBXBuildFile; fileRef = 6A9FCE5A299AE79400871980 /* LogoView.swift */; };
		6A9FCE5D299AEF5D00871980 /* PlayerModel.swift in Sources */ = {isa = PBXBuildFile; fileRef = 6A9FCE5C299AEF5D00871980 /* PlayerModel.swift */; };
		6A9FCE60299AEFDB00871980 /* CodableBundleExtension.swift in Sources */ = {isa = PBXBuildFile; fileRef = 6A9FCE5F299AEFDB00871980 /* CodableBundleExtension.swift */; };
		6A9FCE62299AF09F00871980 /* FeaturedItemView.swift in Sources */ = {isa = PBXBuildFile; fileRef = 6A9FCE61299AF09F00871980 /* FeaturedItemView.swift */; };
		6A9FCE64299AF15800871980 /* FeaturedTabView.swift in Sources */ = {isa = PBXBuildFile; fileRef = 6A9FCE63299AF15800871980 /* FeaturedTabView.swift */; };
		6AC8541F299A786C00F6F971 /* TouchdownApp.swift in Sources */ = {isa = PBXBuildFile; fileRef = 6AC8541E299A786C00F6F971 /* TouchdownApp.swift */; };
		6AC85421299A786C00F6F971 /* ContentView.swift in Sources */ = {isa = PBXBuildFile; fileRef = 6AC85420299A786C00F6F971 /* ContentView.swift */; };
		6AC85423299A786E00F6F971 /* Assets.xcassets in Resources */ = {isa = PBXBuildFile; fileRef = 6AC85422299A786E00F6F971 /* Assets.xcassets */; };
		6AC85426299A786E00F6F971 /* Preview Assets.xcassets in Resources */ = {isa = PBXBuildFile; fileRef = 6AC85425299A786E00F6F971 /* Preview Assets.xcassets */; };
		6AC85430299A790200F6F971 /* player.json in Resources */ = {isa = PBXBuildFile; fileRef = 6AC8542C299A790200F6F971 /* player.json */; };
		6AC85431299A790200F6F971 /* brand.json in Resources */ = {isa = PBXBuildFile; fileRef = 6AC8542D299A790200F6F971 /* brand.json */; };
		6AC85432299A790200F6F971 /* product.json in Resources */ = {isa = PBXBuildFile; fileRef = 6AC8542E299A790200F6F971 /* product.json */; };
		6AC85433299A790200F6F971 /* category.json in Resources */ = {isa = PBXBuildFile; fileRef = 6AC8542F299A790200F6F971 /* category.json */; };
/* End PBXBuildFile section */

/* Begin PBXFileReference section */
		6A105862299FFD0700AC4181 /* CustomShape.swift */ = {isa = PBXFileReference; lastKnownFileType = sourcecode.swift; path = CustomShape.swift; sourceTree = "<group>"; };
		6A105864299FFF3300AC4181 /* RatingSizesDetailView.swift */ = {isa = PBXFileReference; lastKnownFileType = sourcecode.swift; path = RatingSizesDetailView.swift; sourceTree = "<group>"; };
		6A28993C299E679900ACFEC9 /* TitleView.swift */ = {isa = PBXFileReference; lastKnownFileType = sourcecode.swift; path = TitleView.swift; sourceTree = "<group>"; };
		6A28993E299E698F00ACFEC9 /* ProductModel.swift */ = {isa = PBXFileReference; lastKnownFileType = sourcecode.swift; path = ProductModel.swift; sourceTree = "<group>"; };
		6A289940299E6A1700ACFEC9 /* ProductItemView.swift */ = {isa = PBXFileReference; lastKnownFileType = sourcecode.swift; path = ProductItemView.swift; sourceTree = "<group>"; };
		6A289942299E6E7A00ACFEC9 /* BrandModel.swift */ = {isa = PBXFileReference; lastKnownFileType = sourcecode.swift; path = BrandModel.swift; sourceTree = "<group>"; };
		6A289944299E6F4700ACFEC9 /* BrandItemView.swift */ = {isa = PBXFileReference; lastKnownFileType = sourcecode.swift; path = BrandItemView.swift; sourceTree = "<group>"; };
		6A289946299E70BA00ACFEC9 /* BrandGridView.swift */ = {isa = PBXFileReference; lastKnownFileType = sourcecode.swift; path = BrandGridView.swift; sourceTree = "<group>"; };
		6A289948299E734C00ACFEC9 /* ProductDetailView.swift */ = {isa = PBXFileReference; lastKnownFileType = sourcecode.swift; path = ProductDetailView.swift; sourceTree = "<group>"; };
		6A28994A299E765700ACFEC9 /* NavigationBarDetailView.swift */ = {isa = PBXFileReference; lastKnownFileType = sourcecode.swift; path = NavigationBarDetailView.swift; sourceTree = "<group>"; };
		6A6A8961299FE9E3003C973E /* HeaderDetailView.swift */ = {isa = PBXFileReference; lastKnownFileType = sourcecode.swift; path = HeaderDetailView.swift; sourceTree = "<group>"; };
		6A6A8963299FEAF2003C973E /* TopPartDetailView.swift */ = {isa = PBXFileReference; lastKnownFileType = sourcecode.swift; path = TopPartDetailView.swift; sourceTree = "<group>"; };
		6A715DD4299A797B0009F09F /* Info.plist */ = {isa = PBXFileReference; lastKnownFileType = text.plist; path = Info.plist; sourceTree = "<group>"; };
		6A715DDE299A7C4B0009F09F /* Constant.swift */ = {isa = PBXFileReference; lastKnownFileType = sourcecode.swift; path = Constant.swift; sourceTree = "<group>"; };
		6A715DE0299A7E8D0009F09F /* FooterView.swift */ = {isa = PBXFileReference; lastKnownFileType = sourcecode.swift; path = FooterView.swift; sourceTree = "<group>"; };
		6A7423C729A016DD007BED85 /* QuantityFavouriteCartDetailView.swift */ = {isa = PBXFileReference; lastKnownFileType = sourcecode.swift; path = QuantityFavouriteCartDetailView.swift; sourceTree = "<group>"; };
		6A7423C929A017D8007BED85 /* Shop.swift */ = {isa = PBXFileReference; lastKnownFileType = sourcecode.swift; path = Shop.swift; sourceTree = "<group>"; };
		6A9A7DE6299BBFE90064146B /* CategoryModel.swift */ = {isa = PBXFileReference; lastKnownFileType = sourcecode.swift; path = CategoryModel.swift; sourceTree = "<group>"; };
		6A9A7DE8299BC1580064146B /* CategoryItemView.swift */ = {isa = PBXFileReference; lastKnownFileType = sourcecode.swift; path = CategoryItemView.swift; sourceTree = "<group>"; };
		6A9A7DEA299BC3960064146B /* CategoryGridView.swift */ = {isa = PBXFileReference; lastKnownFileType = sourcecode.swift; path = CategoryGridView.swift; sourceTree = "<group>"; };
		6A9A7DEC299BC5730064146B /* SectionView.swift */ = {isa = PBXFileReference; lastKnownFileType = sourcecode.swift; path = SectionView.swift; sourceTree = "<group>"; };
		6A9FCE58299AE63700871980 /* NavigationBarView.swift */ = {isa = PBXFileReference; lastKnownFileType = sourcecode.swift; path = NavigationBarView.swift; sourceTree = "<group>"; };
		6A9FCE5A299AE79400871980 /* LogoView.swift */ = {isa = PBXFileReference; lastKnownFileType = sourcecode.swift; path = LogoView.swift; sourceTree = "<group>"; };
		6A9FCE5C299AEF5D00871980 /* PlayerModel.swift */ = {isa = PBXFileReference; lastKnownFileType = sourcecode.swift; path = PlayerModel.swift; sourceTree = "<group>"; };
		6A9FCE5F299AEFDB00871980 /* CodableBundleExtension.swift */ = {isa = PBXFileReference; lastKnownFileType = sourcecode.swift; path = CodableBundleExtension.swift; sourceTree = "<group>"; };
		6A9FCE61299AF09F00871980 /* FeaturedItemView.swift */ = {isa = PBXFileReference; lastKnownFileType = sourcecode.swift; path = FeaturedItemView.swift; sourceTree = "<group>"; };
		6A9FCE63299AF15800871980 /* FeaturedTabView.swift */ = {isa = PBXFileReference; lastKnownFileType = sourcecode.swift; path = FeaturedTabView.swift; sourceTree = "<group>"; };
		6AC8541B299A786C00F6F971 /* Touchdown.app */ = {isa = PBXFileReference; explicitFileType = wrapper.application; includeInIndex = 0; path = Touchdown.app; sourceTree = BUILT_PRODUCTS_DIR; };
		6AC8541E299A786C00F6F971 /* TouchdownApp.swift */ = {isa = PBXFileReference; lastKnownFileType = sourcecode.swift; path = TouchdownApp.swift; sourceTree = "<group>"; };
		6AC85420299A786C00F6F971 /* ContentView.swift */ = {isa = PBXFileReference; lastKnownFileType = sourcecode.swift; path = ContentView.swift; sourceTree = "<group>"; };
		6AC85422299A786E00F6F971 /* Assets.xcassets */ = {isa = PBXFileReference; lastKnownFileType = folder.assetcatalog; path = Assets.xcassets; sourceTree = "<group>"; };
		6AC85425299A786E00F6F971 /* Preview Assets.xcassets */ = {isa = PBXFileReference; lastKnownFileType = folder.assetcatalog; path = "Preview Assets.xcassets"; sourceTree = "<group>"; };
		6AC8542C299A790200F6F971 /* player.json */ = {isa = PBXFileReference; fileEncoding = 4; lastKnownFileType = text.json; path = player.json; sourceTree = "<group>"; };
		6AC8542D299A790200F6F971 /* brand.json */ = {isa = PBXFileReference; fileEncoding = 4; lastKnownFileType = text.json; path = brand.json; sourceTree = "<group>"; };
		6AC8542E299A790200F6F971 /* product.json */ = {isa = PBXFileReference; fileEncoding = 4; lastKnownFileType = text.json; path = product.json; sourceTree = "<group>"; };
		6AC8542F299A790200F6F971 /* category.json */ = {isa = PBXFileReference; fileEncoding = 4; lastKnownFileType = text.json; path = category.json; sourceTree = "<group>"; };
/* End PBXFileReference section */

/* Begin PBXFrameworksBuildPhase section */
		6AC85418299A786C00F6F971 /* Frameworks */ = {
			isa = PBXFrameworksBuildPhase;
			buildActionMask = 2147483647;
			files = (
			);
			runOnlyForDeploymentPostprocessing = 0;
		};
/* End PBXFrameworksBuildPhase section */

/* Begin PBXGroup section */
		6A715DD5299A7B8D0009F09F /* App */ = {
			isa = PBXGroup;
			children = (
				6AC8541E299A786C00F6F971 /* TouchdownApp.swift */,
				6AC85420299A786C00F6F971 /* ContentView.swift */,
			);
			path = App;
			sourceTree = "<group>";
		};
		6A715DD7299A7BA70009F09F /* View */ = {
			isa = PBXGroup;
			children = (
				6A715DD9299A7BB20009F09F /* Detail */,
				6A715DD8299A7BAD0009F09F /* Home */,
			);
			path = View;
			sourceTree = "<group>";
		};
		6A715DD8299A7BAD0009F09F /* Home */ = {
			isa = PBXGroup;
			children = (
				6A715DE0299A7E8D0009F09F /* FooterView.swift */,
				6A9FCE58299AE63700871980 /* NavigationBarView.swift */,
				6A9FCE5A299AE79400871980 /* LogoView.swift */,
				6A9FCE61299AF09F00871980 /* FeaturedItemView.swift */,
				6A9FCE63299AF15800871980 /* FeaturedTabView.swift */,
				6A9A7DE8299BC1580064146B /* CategoryItemView.swift */,
				6A9A7DEA299BC3960064146B /* CategoryGridView.swift */,
				6A9A7DEC299BC5730064146B /* SectionView.swift */,
				6A28993C299E679900ACFEC9 /* TitleView.swift */,
				6A289940299E6A1700ACFEC9 /* ProductItemView.swift */,
				6A289944299E6F4700ACFEC9 /* BrandItemView.swift */,
				6A289946299E70BA00ACFEC9 /* BrandGridView.swift */,
			);
			path = Home;
			sourceTree = "<group>";
		};
		6A715DD9299A7BB20009F09F /* Detail */ = {
			isa = PBXGroup;
			children = (
				6A289948299E734C00ACFEC9 /* ProductDetailView.swift */,
				6A28994A299E765700ACFEC9 /* NavigationBarDetailView.swift */,
				6A6A8961299FE9E3003C973E /* HeaderDetailView.swift */,
				6A6A8963299FEAF2003C973E /* TopPartDetailView.swift */,
				6A105864299FFF3300AC4181 /* RatingSizesDetailView.swift */,
				6A7423C729A016DD007BED85 /* QuantityFavouriteCartDetailView.swift */,
			);
			path = Detail;
			sourceTree = "<group>";
		};
		6A715DDB299A7BCE0009F09F /* Model */ = {
			isa = PBXGroup;
			children = (
				6A9FCE5C299AEF5D00871980 /* PlayerModel.swift */,
				6A9A7DE6299BBFE90064146B /* CategoryModel.swift */,
				6A28993E299E698F00ACFEC9 /* ProductModel.swift */,
				6A289942299E6E7A00ACFEC9 /* BrandModel.swift */,
			);
			path = Model;
			sourceTree = "<group>";
		};
		6A715DDC299A7BD90009F09F /* Utility */ = {
			isa = PBXGroup;
			children = (
				6A715DDE299A7C4B0009F09F /* Constant.swift */,
				6A105862299FFD0700AC4181 /* CustomShape.swift */,
				6A7423C929A017D8007BED85 /* Shop.swift */,
			);
			path = Utility;
			sourceTree = "<group>";
		};
		6A715DDD299A7BE20009F09F /* Extension */ = {
			isa = PBXGroup;
			children = (
				6A9FCE5F299AEFDB00871980 /* CodableBundleExtension.swift */,
			);
			path = Extension;
			sourceTree = "<group>";
		};
		6AC85412299A786C00F6F971 = {
			isa = PBXGroup;
			children = (
				6AC8541D299A786C00F6F971 /* Touchdown */,
				6AC8541C299A786C00F6F971 /* Products */,
			);
			sourceTree = "<group>";
		};
		6AC8541C299A786C00F6F971 /* Products */ = {
			isa = PBXGroup;
			children = (
				6AC8541B299A786C00F6F971 /* Touchdown.app */,
			);
			name = Products;
			sourceTree = "<group>";
		};
		6AC8541D299A786C00F6F971 /* Touchdown */ = {
			isa = PBXGroup;
			children = (
				6A715DD5299A7B8D0009F09F /* App */,
				6A715DD7299A7BA70009F09F /* View */,
				6AC85434299A791200F6F971 /* Data */,
				6A715DDB299A7BCE0009F09F /* Model */,
				6A715DDD299A7BE20009F09F /* Extension */,
				6A715DDC299A7BD90009F09F /* Utility */,
				6A715DD4299A797B0009F09F /* Info.plist */,
				6AC85422299A786E00F6F971 /* Assets.xcassets */,
				6AC85424299A786E00F6F971 /* Preview Content */,
			);
			path = Touchdown;
			sourceTree = "<group>";
		};
		6AC85424299A786E00F6F971 /* Preview Content */ = {
			isa = PBXGroup;
			children = (
				6AC85425299A786E00F6F971 /* Preview Assets.xcassets */,
			);
			path = "Preview Content";
			sourceTree = "<group>";
		};
		6AC85434299A791200F6F971 /* Data */ = {
			isa = PBXGroup;
			children = (
				6AC8542E299A790200F6F971 /* product.json */,
				6AC8542D299A790200F6F971 /* brand.json */,
				6AC8542F299A790200F6F971 /* category.json */,
				6AC8542C299A790200F6F971 /* player.json */,
			);
			path = Data;
			sourceTree = "<group>";
		};
/* End PBXGroup section */

/* Begin PBXNativeTarget section */
		6AC8541A299A786C00F6F971 /* Touchdown */ = {
			isa = PBXNativeTarget;
			buildConfigurationList = 6AC85429299A786E00F6F971 /* Build configuration list for PBXNativeTarget "Touchdown" */;
			buildPhases = (
				6AC85417299A786C00F6F971 /* Sources */,
				6AC85418299A786C00F6F971 /* Frameworks */,
				6AC85419299A786C00F6F971 /* Resources */,
			);
			buildRules = (
			);
			dependencies = (
			);
			name = Touchdown;
			productName = Touchdown;
			productReference = 6AC8541B299A786C00F6F971 /* Touchdown.app */;
			productType = "com.apple.product-type.application";
		};
/* End PBXNativeTarget section */

/* Begin PBXProject section */
		6AC85413299A786C00F6F971 /* Project object */ = {
			isa = PBXProject;
			attributes = {
				BuildIndependentTargetsInParallel = 1;
				LastSwiftUpdateCheck = 1420;
				LastUpgradeCheck = 1420;
				TargetAttributes = {
					6AC8541A299A786C00F6F971 = {
						CreatedOnToolsVersion = 14.2;
					};
				};
			};
			buildConfigurationList = 6AC85416299A786C00F6F971 /* Build configuration list for PBXProject "Touchdown" */;
			compatibilityVersion = "Xcode 14.0";
			developmentRegion = en;
			hasScannedForEncodings = 0;
			knownRegions = (
				en,
				Base,
			);
			mainGroup = 6AC85412299A786C00F6F971;
			productRefGroup = 6AC8541C299A786C00F6F971 /* Products */;
			projectDirPath = "";
			projectRoot = "";
			targets = (
				6AC8541A299A786C00F6F971 /* Touchdown */,
			);
		};
/* End PBXProject section */

/* Begin PBXResourcesBuildPhase section */
		6AC85419299A786C00F6F971 /* Resources */ = {
			isa = PBXResourcesBuildPhase;
			buildActionMask = 2147483647;
			files = (
				6AC85430299A790200F6F971 /* player.json in Resources */,
				6AC85431299A790200F6F971 /* brand.json in Resources */,
				6AC85426299A786E00F6F971 /* Preview Assets.xcassets in Resources */,
				6AC85433299A790200F6F971 /* category.json in Resources */,
				6AC85423299A786E00F6F971 /* Assets.xcassets in Resources */,
				6AC85432299A790200F6F971 /* product.json in Resources */,
			);
			runOnlyForDeploymentPostprocessing = 0;
		};
/* End PBXResourcesBuildPhase section */

/* Begin PBXSourcesBuildPhase section */
		6AC85417299A786C00F6F971 /* Sources */ = {
			isa = PBXSourcesBuildPhase;
			buildActionMask = 2147483647;
			files = (
				6A7423C829A016DD007BED85 /* QuantityFavouriteCartDetailView.swift in Sources */,
				6A9FCE60299AEFDB00871980 /* CodableBundleExtension.swift in Sources */,
				6A6A8962299FE9E3003C973E /* HeaderDetailView.swift in Sources */,
				6A6A8964299FEAF2003C973E /* TopPartDetailView.swift in Sources */,
				6AC85421299A786C00F6F971 /* ContentView.swift in Sources */,
				6A9FCE5B299AE79400871980 /* LogoView.swift in Sources */,
				6A715DE1299A7E8D0009F09F /* FooterView.swift in Sources */,
				6A9FCE62299AF09F00871980 /* FeaturedItemView.swift in Sources */,
				6A289941299E6A1700ACFEC9 /* ProductItemView.swift in Sources */,
				6A289947299E70BA00ACFEC9 /* BrandGridView.swift in Sources */,
				6AC8541F299A786C00F6F971 /* TouchdownApp.swift in Sources */,
				6A289949299E734C00ACFEC9 /* ProductDetailView.swift in Sources */,
				6A28994B299E765700ACFEC9 /* NavigationBarDetailView.swift in Sources */,
				6A715DDF299A7C4B0009F09F /* Constant.swift in Sources */,
				6A9A7DEB299BC3960064146B /* CategoryGridView.swift in Sources */,
				6A9A7DE7299BBFE90064146B /* CategoryModel.swift in Sources */,
				6A9FCE59299AE63700871980 /* NavigationBarView.swift in Sources */,
				6A9A7DED299BC5730064146B /* SectionView.swift in Sources */,
				6A289945299E6F4700ACFEC9 /* BrandItemView.swift in Sources */,
				6A9A7DE9299BC1580064146B /* CategoryItemView.swift in Sources */,
				6A105865299FFF3300AC4181 /* RatingSizesDetailView.swift in Sources */,
				6A9FCE64299AF15800871980 /* FeaturedTabView.swift in Sources */,
				6A105863299FFD0700AC4181 /* CustomShape.swift in Sources */,
				6A7423CA29A017D8007BED85 /* Shop.swift in Sources */,
				6A9FCE5D299AEF5D00871980 /* PlayerModel.swift in Sources */,
				6A289943299E6E7A00ACFEC9 /* BrandModel.swift in Sources */,
				6A28993D299E679900ACFEC9 /* TitleView.swift in Sources */,
				6A28993F299E698F00ACFEC9 /* ProductModel.swift in Sources */,
			);
			runOnlyForDeploymentPostprocessing = 0;
		};
/* End PBXSourcesBuildPhase section */

/* Begin XCBuildConfiguration section */
		6AC85427299A786E00F6F971 /* Debug */ = {
			isa = XCBuildConfiguration;
			buildSettings = {
				ALWAYS_SEARCH_USER_PATHS = NO;
				CLANG_ANALYZER_NONNULL = YES;
				CLANG_ANALYZER_NUMBER_OBJECT_CONVERSION = YES_AGGRESSIVE;
				CLANG_CXX_LANGUAGE_STANDARD = "gnu++20";
				CLANG_ENABLE_MODULES = YES;
				CLANG_ENABLE_OBJC_ARC = YES;
				CLANG_ENABLE_OBJC_WEAK = YES;
				CLANG_WARN_BLOCK_CAPTURE_AUTORELEASING = YES;
				CLANG_WARN_BOOL_CONVERSION = YES;
				CLANG_WARN_COMMA = YES;
				CLANG_WARN_CONSTANT_CONVERSION = YES;
				CLANG_WARN_DEPRECATED_OBJC_IMPLEMENTATIONS = YES;
				CLANG_WARN_DIRECT_OBJC_ISA_USAGE = YES_ERROR;
				CLANG_WARN_DOCUMENTATION_COMMENTS = YES;
				CLANG_WARN_EMPTY_BODY = YES;
				CLANG_WARN_ENUM_CONVERSION = YES;
				CLANG_WARN_INFINITE_RECURSION = YES;
				CLANG_WARN_INT_CONVERSION = YES;
				CLANG_WARN_NON_LITERAL_NULL_CONVERSION = YES;
				CLANG_WARN_OBJC_IMPLICIT_RETAIN_SELF = YES;
				CLANG_WARN_OBJC_LITERAL_CONVERSION = YES;
				CLANG_WARN_OBJC_ROOT_CLASS = YES_ERROR;
				CLANG_WARN_QUOTED_INCLUDE_IN_FRAMEWORK_HEADER = YES;
				CLANG_WARN_RANGE_LOOP_ANALYSIS = YES;
				CLANG_WARN_STRICT_PROTOTYPES = YES;
				CLANG_WARN_SUSPICIOUS_MOVE = YES;
				CLANG_WARN_UNGUARDED_AVAILABILITY = YES_AGGRESSIVE;
				CLANG_WARN_UNREACHABLE_CODE = YES;
				CLANG_WARN__DUPLICATE_METHOD_MATCH = YES;
				COPY_PHASE_STRIP = NO;
				DEBUG_INFORMATION_FORMAT = dwarf;
				ENABLE_STRICT_OBJC_MSGSEND = YES;
				ENABLE_TESTABILITY = YES;
				GCC_C_LANGUAGE_STANDARD = gnu11;
				GCC_DYNAMIC_NO_PIC = NO;
				GCC_NO_COMMON_BLOCKS = YES;
				GCC_OPTIMIZATION_LEVEL = 0;
				GCC_PREPROCESSOR_DEFINITIONS = (
					"DEBUG=1",
					"$(inherited)",
				);
				GCC_WARN_64_TO_32_BIT_CONVERSION = YES;
				GCC_WARN_ABOUT_RETURN_TYPE = YES_ERROR;
				GCC_WARN_UNDECLARED_SELECTOR = YES;
				GCC_WARN_UNINITIALIZED_AUTOS = YES_AGGRESSIVE;
				GCC_WARN_UNUSED_FUNCTION = YES;
				GCC_WARN_UNUSED_VARIABLE = YES;
				IPHONEOS_DEPLOYMENT_TARGET = 16.2;
				MTL_ENABLE_DEBUG_INFO = INCLUDE_SOURCE;
				MTL_FAST_MATH = YES;
				ONLY_ACTIVE_ARCH = YES;
				SDKROOT = iphoneos;
				SWIFT_ACTIVE_COMPILATION_CONDITIONS = DEBUG;
				SWIFT_OPTIMIZATION_LEVEL = "-Onone";
			};
			name = Debug;
		};
		6AC85428299A786E00F6F971 /* Release */ = {
			isa = XCBuildConfiguration;
			buildSettings = {
				ALWAYS_SEARCH_USER_PATHS = NO;
				CLANG_ANALYZER_NONNULL = YES;
				CLANG_ANALYZER_NUMBER_OBJECT_CONVERSION = YES_AGGRESSIVE;
				CLANG_CXX_LANGUAGE_STANDARD = "gnu++20";
				CLANG_ENABLE_MODULES = YES;
				CLANG_ENABLE_OBJC_ARC = YES;
				CLANG_ENABLE_OBJC_WEAK = YES;
				CLANG_WARN_BLOCK_CAPTURE_AUTORELEASING = YES;
				CLANG_WARN_BOOL_CONVERSION = YES;
				CLANG_WARN_COMMA = YES;
				CLANG_WARN_CONSTANT_CONVERSION = YES;
				CLANG_WARN_DEPRECATED_OBJC_IMPLEMENTATIONS = YES;
				CLANG_WARN_DIRECT_OBJC_ISA_USAGE = YES_ERROR;
				CLANG_WARN_DOCUMENTATION_COMMENTS = YES;
				CLANG_WARN_EMPTY_BODY = YES;
				CLANG_WARN_ENUM_CONVERSION = YES;
				CLANG_WARN_INFINITE_RECURSION = YES;
				CLANG_WARN_INT_CONVERSION = YES;
				CLANG_WARN_NON_LITERAL_NULL_CONVERSION = YES;
				CLANG_WARN_OBJC_IMPLICIT_RETAIN_SELF = YES;
				CLANG_WARN_OBJC_LITERAL_CONVERSION = YES;
				CLANG_WARN_OBJC_ROOT_CLASS = YES_ERROR;
				CLANG_WARN_QUOTED_INCLUDE_IN_FRAMEWORK_HEADER = YES;
				CLANG_WARN_RANGE_LOOP_ANALYSIS = YES;
				CLANG_WARN_STRICT_PROTOTYPES = YES;
				CLANG_WARN_SUSPICIOUS_MOVE = YES;
				CLANG_WARN_UNGUARDED_AVAILABILITY = YES_AGGRESSIVE;
				CLANG_WARN_UNREACHABLE_CODE = YES;
				CLANG_WARN__DUPLICATE_METHOD_MATCH = YES;
				COPY_PHASE_STRIP = NO;
				DEBUG_INFORMATION_FORMAT = "dwarf-with-dsym";
				ENABLE_NS_ASSERTIONS = NO;
				ENABLE_STRICT_OBJC_MSGSEND = YES;
				GCC_C_LANGUAGE_STANDARD = gnu11;
				GCC_NO_COMMON_BLOCKS = YES;
				GCC_WARN_64_TO_32_BIT_CONVERSION = YES;
				GCC_WARN_ABOUT_RETURN_TYPE = YES_ERROR;
				GCC_WARN_UNDECLARED_SELECTOR = YES;
				GCC_WARN_UNINITIALIZED_AUTOS = YES_AGGRESSIVE;
				GCC_WARN_UNUSED_FUNCTION = YES;
				GCC_WARN_UNUSED_VARIABLE = YES;
				IPHONEOS_DEPLOYMENT_TARGET = 16.2;
				MTL_ENABLE_DEBUG_INFO = NO;
				MTL_FAST_MATH = YES;
				SDKROOT = iphoneos;
				SWIFT_COMPILATION_MODE = wholemodule;
				SWIFT_OPTIMIZATION_LEVEL = "-O";
				VALIDATE_PRODUCT = YES;
			};
			name = Release;
		};
		6AC8542A299A786E00F6F971 /* Debug */ = {
			isa = XCBuildConfiguration;
			buildSettings = {
				ASSETCATALOG_COMPILER_APPICON_NAME = AppIcon;
				ASSETCATALOG_COMPILER_GLOBAL_ACCENT_COLOR_NAME = AccentColor;
				CODE_SIGN_STYLE = Automatic;
				CURRENT_PROJECT_VERSION = 1;
				DEVELOPMENT_ASSET_PATHS = "\"Touchdown/Preview Content\"";
				DEVELOPMENT_TEAM = QK9Q79XDZ4;
				ENABLE_PREVIEWS = YES;
				GENERATE_INFOPLIST_FILE = YES;
				INFOPLIST_FILE = Touchdown/Info.plist;
				INFOPLIST_KEY_UIApplicationSceneManifest_Generation = YES;
				INFOPLIST_KEY_UIApplicationSupportsIndirectInputEvents = YES;
				INFOPLIST_KEY_UISupportedInterfaceOrientations = UIInterfaceOrientationPortrait;
				INFOPLIST_KEY_UISupportedInterfaceOrientations_iPad = "UIInterfaceOrientationLandscapeLeft UIInterfaceOrientationLandscapeRight UIInterfaceOrientationPortrait UIInterfaceOrientationPortraitUpsideDown";
				INFOPLIST_KEY_UIUserInterfaceStyle = Light;
				LD_RUNPATH_SEARCH_PATHS = (
					"$(inherited)",
					"@executable_path/Frameworks",
				);
				MARKETING_VERSION = 1.0;
				PRODUCT_BUNDLE_IDENTIFIER = com.ilkayyagizgur.Touchdown;
				PRODUCT_NAME = "$(TARGET_NAME)";
				SWIFT_EMIT_LOC_STRINGS = YES;
				SWIFT_VERSION = 5.0;
				TARGETED_DEVICE_FAMILY = "1,2";
			};
			name = Debug;
		};
		6AC8542B299A786E00F6F971 /* Release */ = {
			isa = XCBuildConfiguration;
			buildSettings = {
				ASSETCATALOG_COMPILER_APPICON_NAME = AppIcon;
				ASSETCATALOG_COMPILER_GLOBAL_ACCENT_COLOR_NAME = AccentColor;
				CODE_SIGN_STYLE = Automatic;
				CURRENT_PROJECT_VERSION = 1;
				DEVELOPMENT_ASSET_PATHS = "\"Touchdown/Preview Content\"";
				DEVELOPMENT_TEAM = QK9Q79XDZ4;
				ENABLE_PREVIEWS = YES;
				GENERATE_INFOPLIST_FILE = YES;
				INFOPLIST_FILE = Touchdown/Info.plist;
				INFOPLIST_KEY_UIApplicationSceneManifest_Generation = YES;
				INFOPLIST_KEY_UIApplicationSupportsIndirectInputEvents = YES;
				INFOPLIST_KEY_UISupportedInterfaceOrientations = UIInterfaceOrientationPortrait;
				INFOPLIST_KEY_UISupportedInterfaceOrientations_iPad = "UIInterfaceOrientationLandscapeLeft UIInterfaceOrientationLandscapeRight UIInterfaceOrientationPortrait UIInterfaceOrientationPortraitUpsideDown";
				INFOPLIST_KEY_UIUserInterfaceStyle = Light;
				LD_RUNPATH_SEARCH_PATHS = (
					"$(inherited)",
					"@executable_path/Frameworks",
				);
				MARKETING_VERSION = 1.0;
				PRODUCT_BUNDLE_IDENTIFIER = com.ilkayyagizgur.Touchdown;
				PRODUCT_NAME = "$(TARGET_NAME)";
				SWIFT_EMIT_LOC_STRINGS = YES;
				SWIFT_VERSION = 5.0;
				TARGETED_DEVICE_FAMILY = "1,2";
			};
			name = Release;
		};
/* End XCBuildConfiguration section */

/* Begin XCConfigurationList section */
		6AC85416299A786C00F6F971 /* Build configuration list for PBXProject "Touchdown" */ = {
			isa = XCConfigurationList;
			buildConfigurations = (
				6AC85427299A786E00F6F971 /* Debug */,
				6AC85428299A786E00F6F971 /* Release */,
			);
			defaultConfigurationIsVisible = 0;
			defaultConfigurationName = Release;
		};
		6AC85429299A786E00F6F971 /* Build configuration list for PBXNativeTarget "Touchdown" */ = {
			isa = XCConfigurationList;
			buildConfigurations = (
				6AC8542A299A786E00F6F971 /* Debug */,
				6AC8542B299A786E00F6F971 /* Release */,
			);
			defaultConfigurationIsVisible = 0;
			defaultConfigurationName = Release;
		};
/* End XCConfigurationList section */
	};
	rootObject = 6AC85413299A786C00F6F971 /* Project object */;
}
